
Microsoft Visual Studio Solution File, Format Version 12.00
# Visual Studio Version 17
VisualStudioVersion = 17.14.36623.8
MinimumVisualStudioVersion = 10.0.40219.1
Project("{FAE04EC0-301F-11D3-BF4B-00C04F79EFBC}") = "Logic_Revolver", "Logic Revolver\Logic_Revolver.csproj", "{69ACABDB-1899-47EE-9B01-6A2488BBB37C}"
EndProject
Global
	GlobalSection(SolutionConfigurationPlatforms) = preSolution
		Debug|Any CPU = Debug|Any CPU
		Release|Any CPU = Release|Any CPU
	EndGlobalSection
	GlobalSection(ProjectConfigurationPlatforms) = postSolution
		{69ACABDB-1899-47EE-9B01-6A2488BBB37C}.Debug|Any CPU.ActiveCfg = Debug|Any CPU
		{69ACABDB-1899-47EE-9B01-6A2488BBB37C}.Debug|Any CPU.Build.0 = Debug|Any CPU
		{69ACABDB-1899-47EE-9B01-6A2488BBB37C}.Release|Any CPU.ActiveCfg = Release|Any CPU
		{69ACABDB-1899-47EE-9B01-6A2488BBB37C}.Release|Any CPU.Build.0 = Release|Any CPU
	EndGlobalSection
	GlobalSection(SolutionProperties) = preSolution
		HideSolutionNode = FALSE
	EndGlobalSection
	GlobalSection(ExtensibilityGlobals) = postSolution
		SolutionGuid = {22B609A3-9FF5-448A-BF31-2648DD72B5A5}
	EndGlobalSection
EndGlobal
